
Microsoft Visual Studio Solution File, Format Version 10.00
# Visual Studio 2008
Project("{8BC9CEB8-8B4A-11D0-8D11-00A0C91BC942}") = "hp-scan", "hp-scan\hp-scan.vcproj", "{9BE82628-E635-4B64-A39F-16BCBD041282}"
EndProject
Global
	GlobalSection(SolutionConfigurationPlatforms) = preSolution
		Debug|Win32 = Debug|Win32
		Release|Win32 = Release|Win32
	EndGlobalSection
	GlobalSection(ProjectConfigurationPlatforms) = postSolution
		{9BE82628-E635-4B64-A39F-16BCBD041282}.Debug|Win32.ActiveCfg = Debug|Win32
		{9BE82628-E635-4B64-A39F-16BCBD041282}.Debug|Win32.Build.0 = Debug|Win32
		{9BE82628-E635-4B64-A39F-16BCBD041282}.Release|Win32.ActiveCfg = Release|Win32
		{9BE82628-E635-4B64-A39F-16BCBD041282}.Release|Win32.Build.0 = Release|Win32
	EndGlobalSection
	GlobalSection(SolutionProperties) = preSolution
		HideSolutionNode = FALSE
	EndGlobalSection
EndGlobal
